
Microsoft Visual Studio Solution File, Format Version 12.00
# Visual Studio 15
VisualStudioVersion = 15.0.27428.1
MinimumVisualStudioVersion = 10.0.40219.1
Project("{FAE04EC0-301F-11D3-BF4B-00C04F79EFBC}") = "TomaszDyskoLab3Zad", "TomaszDyskoLab3Zad\TomaszDyskoLab3Zad.csproj", "{74296158-DE70-4235-A4FD-6B74C5EFD336}"
EndProject
Global
	GlobalSection(SolutionConfigurationPlatforms) = preSolution
		Debug|Any CPU = Debug|Any CPU
		Release|Any CPU = Release|Any CPU
	EndGlobalSection
	GlobalSection(ProjectConfigurationPlatforms) = postSolution
		{74296158-DE70-4235-A4FD-6B74C5EFD336}.Debug|Any CPU.ActiveCfg = Debug|Any CPU
		{74296158-DE70-4235-A4FD-6B74C5EFD336}.Debug|Any CPU.Build.0 = Debug|Any CPU
		{74296158-DE70-4235-A4FD-6B74C5EFD336}.Release|Any CPU.ActiveCfg = Release|Any CPU
		{74296158-DE70-4235-A4FD-6B74C5EFD336}.Release|Any CPU.Build.0 = Release|Any CPU
	EndGlobalSection
	GlobalSection(SolutionProperties) = preSolution
		HideSolutionNode = FALSE
	EndGlobalSection
	GlobalSection(ExtensibilityGlobals) = postSolution
		SolutionGuid = {7F4983C9-1984-4DC9-ABBE-B16194F60E5B}
	EndGlobalSection
EndGlobal
